
Microsoft Visual Studio Solution File, Format Version 12.00
# Visual Studio Version 17
VisualStudioVersion = 17.8.34525.116
MinimumVisualStudioVersion = 10.0.40219.1
Project("{2150E333-8FDC-42A3-9474-1A3956D46DE8}") = "Services", "Services", "{4927379C-CA17-4333-8751-9F058772C5DD}"
EndProject
Project("{2150E333-8FDC-42A3-9474-1A3956D46DE8}") = "Catalog", "Catalog", "{87ABF91F-9409-4E79-AE38-3D0014F6DF9A}"
EndProject
Project("{FAE04EC0-301F-11D3-BF4B-00C04F79EFBC}") = "ECommerce.Catalog", "Services\Catalog\ECommerce.Catalog\ECommerce.Catalog.csproj", "{B25B9526-55BB-44BE-83AC-768602C363C9}"
EndProject
Project("{2150E333-8FDC-42A3-9474-1A3956D46DE8}") = "Discount", "Discount", "{02EA681E-C7D8-13C7-8484-4AC65E1B71E8}"
EndProject
Global
	GlobalSection(SolutionConfigurationPlatforms) = preSolution
		Debug|Any CPU = Debug|Any CPU
		Release|Any CPU = Release|Any CPU
	EndGlobalSection
	GlobalSection(ProjectConfigurationPlatforms) = postSolution
		{B25B9526-55BB-44BE-83AC-768602C363C9}.Debug|Any CPU.ActiveCfg = Debug|Any CPU
		{B25B9526-55BB-44BE-83AC-768602C363C9}.Debug|Any CPU.Build.0 = Debug|Any CPU
		{B25B9526-55BB-44BE-83AC-768602C363C9}.Release|Any CPU.ActiveCfg = Release|Any CPU
		{B25B9526-55BB-44BE-83AC-768602C363C9}.Release|Any CPU.Build.0 = Release|Any CPU
	EndGlobalSection
	GlobalSection(SolutionProperties) = preSolution
		HideSolutionNode = FALSE
	EndGlobalSection
	GlobalSection(NestedProjects) = preSolution
		{87ABF91F-9409-4E79-AE38-3D0014F6DF9A} = {4927379C-CA17-4333-8751-9F058772C5DD}
		{B25B9526-55BB-44BE-83AC-768602C363C9} = {87ABF91F-9409-4E79-AE38-3D0014F6DF9A}
		{02EA681E-C7D8-13C7-8484-4AC65E1B71E8} = {4927379C-CA17-4333-8751-9F058772C5DD}
	EndGlobalSection
	GlobalSection(ExtensibilityGlobals) = postSolution
		SolutionGuid = {1E8BA4B8-AF4B-4767-B4CE-DF75437AB43C}
	EndGlobalSection
EndGlobal
