
Microsoft Visual Studio Solution File, Format Version 12.00
# Visual Studio Version 17
VisualStudioVersion = 17.8.34525.116
MinimumVisualStudioVersion = 10.0.40219.1
Project("{2150E333-8FDC-42A3-9474-1A3956D46DE8}") = "Services", "Services", "{4927379C-CA17-4333-8751-9F058772C5DD}"
EndProject
Project("{2150E333-8FDC-42A3-9474-1A3956D46DE8}") = "Catalog", "Catalog", "{87ABF91F-9409-4E79-AE38-3D0014F6DF9A}"
EndProject
Project("{FAE04EC0-301F-11D3-BF4B-00C04F79EFBC}") = "ECommerce.Catalog", "Services\Catalog\ECommerce.Catalog\ECommerce.Catalog.csproj", "{B25B9526-55BB-44BE-83AC-768602C363C9}"
EndProject
Project("{2150E333-8FDC-42A3-9474-1A3956D46DE8}") = "Discount", "Discount", "{02EA681E-C7D8-13C7-8484-4AC65E1B71E8}"
EndProject
Project("{FAE04EC0-301F-11D3-BF4B-00C04F79EFBC}") = "ECommerce.Discount", "Services\Discount\ECommerce.Discount\ECommerce.Discount.csproj", "{D57AD274-57DD-4C60-A6B4-C62DA13D595B}"
EndProject
Project("{2150E333-8FDC-42A3-9474-1A3956D46DE8}") = "Order", "Order", "{477BA754-644E-42F8-A971-4C2706AEB1D7}"
EndProject
Project("{2150E333-8FDC-42A3-9474-1A3956D46DE8}") = "Core", "Core", "{BD40A232-74BD-4220-BB20-088F2F33FF20}"
EndProject
Project("{2150E333-8FDC-42A3-9474-1A3956D46DE8}") = "Presentation", "Presentation", "{488F51E5-0593-44FA-B6DB-CB422766F583}"
EndProject
Project("{2150E333-8FDC-42A3-9474-1A3956D46DE8}") = "Infrastructure", "Infrastructure", "{B7F1BDA8-4B72-4884-9419-3C3AE7D68126}"
EndProject
Project("{FAE04EC0-301F-11D3-BF4B-00C04F79EFBC}") = "ECommerce.Order.Domain", "Services\Order\Core\ECommerce.Order.Domain\ECommerce.Order.Domain.csproj", "{63EC6288-1C80-480C-B34F-D665FB9740C6}"
EndProject
Project("{FAE04EC0-301F-11D3-BF4B-00C04F79EFBC}") = "ECommerce.Order.Application", "Services\Order\Core\ECommerce.Order.Application\ECommerce.Order.Application.csproj", "{025CB0A3-34F3-4776-80E6-82BA2E5D9489}"
EndProject
Project("{FAE04EC0-301F-11D3-BF4B-00C04F79EFBC}") = "ECommerce.Order.Persistence", "Services\Order\Infrastructure\ECommerce.Order.Persistence\ECommerce.Order.Persistence.csproj", "{F97E51FD-C8BA-4086-9272-18C33594A9F9}"
EndProject
Project("{FAE04EC0-301F-11D3-BF4B-00C04F79EFBC}") = "ECommerce.Order.WebApi", "Services\Order\Presentation\ECommerce.Order.WebApi\ECommerce.Order.WebApi.csproj", "{FD32D6F6-8CF2-4BF2-9A9F-C5994F7E7417}"
EndProject
Project("{2150E333-8FDC-42A3-9474-1A3956D46DE8}") = "IdentityServer", "IdentityServer", "{98B4BB69-A71C-481E-9FB9-D929852D9ED5}"
EndProject
Project("{FAE04EC0-301F-11D3-BF4B-00C04F79EFBC}") = "ECommerce.IdentityServer", "IdentityServer\ECommerce.IdentityServer\ECommerce.IdentityServer.csproj", "{7A59FE07-7EDD-DA0B-6465-363AE1E5CEC5}"
EndProject
Project("{2150E333-8FDC-42A3-9474-1A3956D46DE8}") = "Cargo", "Cargo", "{F77C3E40-4169-4662-8E95-5966B8429D1F}"
EndProject
Project("{FAE04EC0-301F-11D3-BF4B-00C04F79EFBC}") = "ECommerce.BusinessLayer", "Services\Cargo\ECommerce.BusinessLayer\ECommerce.BusinessLayer.csproj", "{71A9DED1-5B25-4CB9-A5E4-F7C502AFBF36}"
EndProject
Project("{FAE04EC0-301F-11D3-BF4B-00C04F79EFBC}") = "ECommerce.EntityLayer", "Services\Cargo\ECommerce.EntityLayer\ECommerce.EntityLayer.csproj", "{8480AABD-6A12-46F7-8301-34E7002D3E21}"
EndProject
Project("{FAE04EC0-301F-11D3-BF4B-00C04F79EFBC}") = "ECommerce.DataAccessLayer", "Services\Cargo\ECommerce.DataAccessLayer\ECommerce.DataAccessLayer.csproj", "{ABF32A96-4810-49D1-811D-8CD571D6EDA1}"
EndProject
Project("{FAE04EC0-301F-11D3-BF4B-00C04F79EFBC}") = "ECommerce.DtoLayer", "Services\Cargo\ECommerce.DtoLayer\ECommerce.DtoLayer.csproj", "{2B17AADC-57A0-4752-9526-52227A74EC50}"
EndProject
Project("{FAE04EC0-301F-11D3-BF4B-00C04F79EFBC}") = "ECommerce.WebApi", "Services\Cargo\ECommerce.WebApi\ECommerce.WebApi.csproj", "{46659F2E-179E-4B4B-B993-79CC26BC4734}"
EndProject
Project("{2150E333-8FDC-42A3-9474-1A3956D46DE8}") = "Basket", "Basket", "{7AACD0E0-B333-464C-9D0B-D98501F73E1F}"
EndProject
Project("{FAE04EC0-301F-11D3-BF4B-00C04F79EFBC}") = "ECommerce.Basket", "Services\Basket\ECommerce.Basket\ECommerce.Basket.csproj", "{920245C2-46BF-4C9C-89B6-A9B3C93D9C7F}"
EndProject
Project("{2150E333-8FDC-42A3-9474-1A3956D46DE8}") = "Frontend", "Frontend", "{B7AEE9B0-4FC4-4782-BD17-ED78773615A4}"
EndProject
Project("{FAE04EC0-301F-11D3-BF4B-00C04F79EFBC}") = "ECommerce.WebUI", "ECommerce.WebUI\ECommerce.WebUI.csproj", "{DB98E5C7-7540-4C75-B3F9-29F67B1A27E9}"
EndProject
Project("{FAE04EC0-301F-11D3-BF4B-00C04F79EFBC}") = "ECommerce.Frontend.DtoLayer", "Frontend\ECommerce.Frontend.DtoLayer\ECommerce.Frontend.DtoLayer.csproj", "{0697B777-919F-4091-9335-A048A0040FED}"
EndProject
Project("{2150E333-8FDC-42A3-9474-1A3956D46DE8}") = "Comment", "Comment", "{2C11E7F6-AE72-4A9E-A239-3940C4185C2E}"
EndProject
Project("{FAE04EC0-301F-11D3-BF4B-00C04F79EFBC}") = "ECommerce.Comment", "Services\Comment\ECommerce.Comment\ECommerce.Comment.csproj", "{07596E3C-6AE9-4CA8-9B15-67EEA0E2F767}"
EndProject
Global
	GlobalSection(SolutionConfigurationPlatforms) = preSolution
		Debug|Any CPU = Debug|Any CPU
		Release|Any CPU = Release|Any CPU
	EndGlobalSection
	GlobalSection(ProjectConfigurationPlatforms) = postSolution
		{B25B9526-55BB-44BE-83AC-768602C363C9}.Debug|Any CPU.ActiveCfg = Debug|Any CPU
		{B25B9526-55BB-44BE-83AC-768602C363C9}.Debug|Any CPU.Build.0 = Debug|Any CPU
		{B25B9526-55BB-44BE-83AC-768602C363C9}.Release|Any CPU.ActiveCfg = Release|Any CPU
		{B25B9526-55BB-44BE-83AC-768602C363C9}.Release|Any CPU.Build.0 = Release|Any CPU
		{D57AD274-57DD-4C60-A6B4-C62DA13D595B}.Debug|Any CPU.ActiveCfg = Debug|Any CPU
		{D57AD274-57DD-4C60-A6B4-C62DA13D595B}.Debug|Any CPU.Build.0 = Debug|Any CPU
		{D57AD274-57DD-4C60-A6B4-C62DA13D595B}.Release|Any CPU.ActiveCfg = Release|Any CPU
		{D57AD274-57DD-4C60-A6B4-C62DA13D595B}.Release|Any CPU.Build.0 = Release|Any CPU
		{63EC6288-1C80-480C-B34F-D665FB9740C6}.Debug|Any CPU.ActiveCfg = Debug|Any CPU
		{63EC6288-1C80-480C-B34F-D665FB9740C6}.Debug|Any CPU.Build.0 = Debug|Any CPU
		{63EC6288-1C80-480C-B34F-D665FB9740C6}.Release|Any CPU.ActiveCfg = Release|Any CPU
		{63EC6288-1C80-480C-B34F-D665FB9740C6}.Release|Any CPU.Build.0 = Release|Any CPU
		{025CB0A3-34F3-4776-80E6-82BA2E5D9489}.Debug|Any CPU.ActiveCfg = Debug|Any CPU
		{025CB0A3-34F3-4776-80E6-82BA2E5D9489}.Debug|Any CPU.Build.0 = Debug|Any CPU
		{025CB0A3-34F3-4776-80E6-82BA2E5D9489}.Release|Any CPU.ActiveCfg = Release|Any CPU
		{025CB0A3-34F3-4776-80E6-82BA2E5D9489}.Release|Any CPU.Build.0 = Release|Any CPU
		{F97E51FD-C8BA-4086-9272-18C33594A9F9}.Debug|Any CPU.ActiveCfg = Debug|Any CPU
		{F97E51FD-C8BA-4086-9272-18C33594A9F9}.Debug|Any CPU.Build.0 = Debug|Any CPU
		{F97E51FD-C8BA-4086-9272-18C33594A9F9}.Release|Any CPU.ActiveCfg = Release|Any CPU
		{F97E51FD-C8BA-4086-9272-18C33594A9F9}.Release|Any CPU.Build.0 = Release|Any CPU
		{FD32D6F6-8CF2-4BF2-9A9F-C5994F7E7417}.Debug|Any CPU.ActiveCfg = Debug|Any CPU
		{FD32D6F6-8CF2-4BF2-9A9F-C5994F7E7417}.Debug|Any CPU.Build.0 = Debug|Any CPU
		{FD32D6F6-8CF2-4BF2-9A9F-C5994F7E7417}.Release|Any CPU.ActiveCfg = Release|Any CPU
		{FD32D6F6-8CF2-4BF2-9A9F-C5994F7E7417}.Release|Any CPU.Build.0 = Release|Any CPU
		{7A59FE07-7EDD-DA0B-6465-363AE1E5CEC5}.Debug|Any CPU.ActiveCfg = Debug|Any CPU
		{7A59FE07-7EDD-DA0B-6465-363AE1E5CEC5}.Debug|Any CPU.Build.0 = Debug|Any CPU
		{7A59FE07-7EDD-DA0B-6465-363AE1E5CEC5}.Release|Any CPU.ActiveCfg = Release|Any CPU
		{7A59FE07-7EDD-DA0B-6465-363AE1E5CEC5}.Release|Any CPU.Build.0 = Release|Any CPU
		{71A9DED1-5B25-4CB9-A5E4-F7C502AFBF36}.Debug|Any CPU.ActiveCfg = Debug|Any CPU
		{71A9DED1-5B25-4CB9-A5E4-F7C502AFBF36}.Debug|Any CPU.Build.0 = Debug|Any CPU
		{71A9DED1-5B25-4CB9-A5E4-F7C502AFBF36}.Release|Any CPU.ActiveCfg = Release|Any CPU
		{71A9DED1-5B25-4CB9-A5E4-F7C502AFBF36}.Release|Any CPU.Build.0 = Release|Any CPU
		{8480AABD-6A12-46F7-8301-34E7002D3E21}.Debug|Any CPU.ActiveCfg = Debug|Any CPU
		{8480AABD-6A12-46F7-8301-34E7002D3E21}.Debug|Any CPU.Build.0 = Debug|Any CPU
		{8480AABD-6A12-46F7-8301-34E7002D3E21}.Release|Any CPU.ActiveCfg = Release|Any CPU
		{8480AABD-6A12-46F7-8301-34E7002D3E21}.Release|Any CPU.Build.0 = Release|Any CPU
		{ABF32A96-4810-49D1-811D-8CD571D6EDA1}.Debug|Any CPU.ActiveCfg = Debug|Any CPU
		{ABF32A96-4810-49D1-811D-8CD571D6EDA1}.Debug|Any CPU.Build.0 = Debug|Any CPU
		{ABF32A96-4810-49D1-811D-8CD571D6EDA1}.Release|Any CPU.ActiveCfg = Release|Any CPU
		{ABF32A96-4810-49D1-811D-8CD571D6EDA1}.Release|Any CPU.Build.0 = Release|Any CPU
		{2B17AADC-57A0-4752-9526-52227A74EC50}.Debug|Any CPU.ActiveCfg = Debug|Any CPU
		{2B17AADC-57A0-4752-9526-52227A74EC50}.Debug|Any CPU.Build.0 = Debug|Any CPU
		{2B17AADC-57A0-4752-9526-52227A74EC50}.Release|Any CPU.ActiveCfg = Release|Any CPU
		{2B17AADC-57A0-4752-9526-52227A74EC50}.Release|Any CPU.Build.0 = Release|Any CPU
		{46659F2E-179E-4B4B-B993-79CC26BC4734}.Debug|Any CPU.ActiveCfg = Debug|Any CPU
		{46659F2E-179E-4B4B-B993-79CC26BC4734}.Debug|Any CPU.Build.0 = Debug|Any CPU
		{46659F2E-179E-4B4B-B993-79CC26BC4734}.Release|Any CPU.ActiveCfg = Release|Any CPU
		{46659F2E-179E-4B4B-B993-79CC26BC4734}.Release|Any CPU.Build.0 = Release|Any CPU
		{920245C2-46BF-4C9C-89B6-A9B3C93D9C7F}.Debug|Any CPU.ActiveCfg = Debug|Any CPU
		{920245C2-46BF-4C9C-89B6-A9B3C93D9C7F}.Debug|Any CPU.Build.0 = Debug|Any CPU
		{920245C2-46BF-4C9C-89B6-A9B3C93D9C7F}.Release|Any CPU.ActiveCfg = Release|Any CPU
		{920245C2-46BF-4C9C-89B6-A9B3C93D9C7F}.Release|Any CPU.Build.0 = Release|Any CPU
		{DB98E5C7-7540-4C75-B3F9-29F67B1A27E9}.Debug|Any CPU.ActiveCfg = Debug|Any CPU
		{DB98E5C7-7540-4C75-B3F9-29F67B1A27E9}.Debug|Any CPU.Build.0 = Debug|Any CPU
		{DB98E5C7-7540-4C75-B3F9-29F67B1A27E9}.Release|Any CPU.ActiveCfg = Release|Any CPU
		{DB98E5C7-7540-4C75-B3F9-29F67B1A27E9}.Release|Any CPU.Build.0 = Release|Any CPU
		{0697B777-919F-4091-9335-A048A0040FED}.Debug|Any CPU.ActiveCfg = Debug|Any CPU
		{0697B777-919F-4091-9335-A048A0040FED}.Debug|Any CPU.Build.0 = Debug|Any CPU
		{0697B777-919F-4091-9335-A048A0040FED}.Release|Any CPU.ActiveCfg = Release|Any CPU
		{0697B777-919F-4091-9335-A048A0040FED}.Release|Any CPU.Build.0 = Release|Any CPU
		{07596E3C-6AE9-4CA8-9B15-67EEA0E2F767}.Debug|Any CPU.ActiveCfg = Debug|Any CPU
		{07596E3C-6AE9-4CA8-9B15-67EEA0E2F767}.Debug|Any CPU.Build.0 = Debug|Any CPU
		{07596E3C-6AE9-4CA8-9B15-67EEA0E2F767}.Release|Any CPU.ActiveCfg = Release|Any CPU
		{07596E3C-6AE9-4CA8-9B15-67EEA0E2F767}.Release|Any CPU.Build.0 = Release|Any CPU
	EndGlobalSection
	GlobalSection(SolutionProperties) = preSolution
		HideSolutionNode = FALSE
	EndGlobalSection
	GlobalSection(NestedProjects) = preSolution
		{87ABF91F-9409-4E79-AE38-3D0014F6DF9A} = {4927379C-CA17-4333-8751-9F058772C5DD}
		{B25B9526-55BB-44BE-83AC-768602C363C9} = {87ABF91F-9409-4E79-AE38-3D0014F6DF9A}
		{02EA681E-C7D8-13C7-8484-4AC65E1B71E8} = {4927379C-CA17-4333-8751-9F058772C5DD}
		{D57AD274-57DD-4C60-A6B4-C62DA13D595B} = {02EA681E-C7D8-13C7-8484-4AC65E1B71E8}
		{477BA754-644E-42F8-A971-4C2706AEB1D7} = {4927379C-CA17-4333-8751-9F058772C5DD}
		{BD40A232-74BD-4220-BB20-088F2F33FF20} = {477BA754-644E-42F8-A971-4C2706AEB1D7}
		{488F51E5-0593-44FA-B6DB-CB422766F583} = {477BA754-644E-42F8-A971-4C2706AEB1D7}
		{B7F1BDA8-4B72-4884-9419-3C3AE7D68126} = {477BA754-644E-42F8-A971-4C2706AEB1D7}
		{63EC6288-1C80-480C-B34F-D665FB9740C6} = {BD40A232-74BD-4220-BB20-088F2F33FF20}
		{025CB0A3-34F3-4776-80E6-82BA2E5D9489} = {BD40A232-74BD-4220-BB20-088F2F33FF20}
		{F97E51FD-C8BA-4086-9272-18C33594A9F9} = {B7F1BDA8-4B72-4884-9419-3C3AE7D68126}
		{FD32D6F6-8CF2-4BF2-9A9F-C5994F7E7417} = {488F51E5-0593-44FA-B6DB-CB422766F583}
		{7A59FE07-7EDD-DA0B-6465-363AE1E5CEC5} = {98B4BB69-A71C-481E-9FB9-D929852D9ED5}
		{F77C3E40-4169-4662-8E95-5966B8429D1F} = {4927379C-CA17-4333-8751-9F058772C5DD}
		{71A9DED1-5B25-4CB9-A5E4-F7C502AFBF36} = {F77C3E40-4169-4662-8E95-5966B8429D1F}
		{8480AABD-6A12-46F7-8301-34E7002D3E21} = {F77C3E40-4169-4662-8E95-5966B8429D1F}
		{ABF32A96-4810-49D1-811D-8CD571D6EDA1} = {F77C3E40-4169-4662-8E95-5966B8429D1F}
		{2B17AADC-57A0-4752-9526-52227A74EC50} = {F77C3E40-4169-4662-8E95-5966B8429D1F}
		{46659F2E-179E-4B4B-B993-79CC26BC4734} = {F77C3E40-4169-4662-8E95-5966B8429D1F}
		{7AACD0E0-B333-464C-9D0B-D98501F73E1F} = {4927379C-CA17-4333-8751-9F058772C5DD}
		{920245C2-46BF-4C9C-89B6-A9B3C93D9C7F} = {7AACD0E0-B333-464C-9D0B-D98501F73E1F}
		{DB98E5C7-7540-4C75-B3F9-29F67B1A27E9} = {B7AEE9B0-4FC4-4782-BD17-ED78773615A4}
		{0697B777-919F-4091-9335-A048A0040FED} = {B7AEE9B0-4FC4-4782-BD17-ED78773615A4}
		{2C11E7F6-AE72-4A9E-A239-3940C4185C2E} = {4927379C-CA17-4333-8751-9F058772C5DD}
		{07596E3C-6AE9-4CA8-9B15-67EEA0E2F767} = {2C11E7F6-AE72-4A9E-A239-3940C4185C2E}
	EndGlobalSection
	GlobalSection(ExtensibilityGlobals) = postSolution
		SolutionGuid = {1E8BA4B8-AF4B-4767-B4CE-DF75437AB43C}
	EndGlobalSection
EndGlobal
